
Microsoft Visual Studio Solution File, Format Version 12.00
# Visual Studio 2013
VisualStudioVersion = 12.0.31101.0
MinimumVisualStudioVersion = 10.0.40219.1
Project("{F2A71F9B-5D33-465A-A702-920D77279786}") = "Jslinq", "Jslinq\Jslinq.fsproj", "{B1BE0FB6-F7A1-477E-8423-39421FD9F535}"
EndProject
Project("{F2A71F9B-5D33-465A-A702-920D77279786}") = "Simple", "Simple\Simple.fsproj", "{44647712-536E-4FF8-9A3C-2BFD64BCBF3C}"
EndProject
Global
	GlobalSection(SolutionConfigurationPlatforms) = preSolution
		Debug|Any CPU = Debug|Any CPU
		Release|Any CPU = Release|Any CPU
	EndGlobalSection
	GlobalSection(ProjectConfigurationPlatforms) = postSolution
		{B1BE0FB6-F7A1-477E-8423-39421FD9F535}.Debug|Any CPU.ActiveCfg = Debug|Any CPU
		{B1BE0FB6-F7A1-477E-8423-39421FD9F535}.Debug|Any CPU.Build.0 = Debug|Any CPU
		{B1BE0FB6-F7A1-477E-8423-39421FD9F535}.Release|Any CPU.ActiveCfg = Release|Any CPU
		{B1BE0FB6-F7A1-477E-8423-39421FD9F535}.Release|Any CPU.Build.0 = Release|Any CPU
		{44647712-536E-4FF8-9A3C-2BFD64BCBF3C}.Debug|Any CPU.ActiveCfg = Debug|Any CPU
		{44647712-536E-4FF8-9A3C-2BFD64BCBF3C}.Debug|Any CPU.Build.0 = Debug|Any CPU
		{44647712-536E-4FF8-9A3C-2BFD64BCBF3C}.Release|Any CPU.ActiveCfg = Release|Any CPU
		{44647712-536E-4FF8-9A3C-2BFD64BCBF3C}.Release|Any CPU.Build.0 = Release|Any CPU
	EndGlobalSection
	GlobalSection(SolutionProperties) = preSolution
		HideSolutionNode = FALSE
	EndGlobalSection
EndGlobal
